
Microsoft Visual Studio Solution File, Format Version 12.00
# Visual Studio 15
VisualStudioVersion = 15.0.28307.329
MinimumVisualStudioVersion = 10.0.40219.1
Project("{FAE04EC0-301F-11D3-BF4B-00C04F79EFBC}") = "S2.AspNet.Repetition", "S2.AspNet.Repetition\S2.AspNet.Repetition.csproj", "{D0C5BA0B-3399-4277-AE47-015CBFE057EB}"
EndProject
Global
	GlobalSection(SolutionConfigurationPlatforms) = preSolution
		Debug|Any CPU = Debug|Any CPU
		Release|Any CPU = Release|Any CPU
	EndGlobalSection
	GlobalSection(ProjectConfigurationPlatforms) = postSolution
		{D0C5BA0B-3399-4277-AE47-015CBFE057EB}.Debug|Any CPU.ActiveCfg = Debug|Any CPU
		{D0C5BA0B-3399-4277-AE47-015CBFE057EB}.Debug|Any CPU.Build.0 = Debug|Any CPU
		{D0C5BA0B-3399-4277-AE47-015CBFE057EB}.Release|Any CPU.ActiveCfg = Release|Any CPU
		{D0C5BA0B-3399-4277-AE47-015CBFE057EB}.Release|Any CPU.Build.0 = Release|Any CPU
	EndGlobalSection
	GlobalSection(SolutionProperties) = preSolution
		HideSolutionNode = FALSE
	EndGlobalSection
	GlobalSection(ExtensibilityGlobals) = postSolution
		SolutionGuid = {28281FDE-3011-4BFB-B3BA-AB2F031ACFAF}
	EndGlobalSection
EndGlobal
